<?xml version="1.0" encoding="utf-8"?>
<Project ToolsVersion="4.0" xmlns="http://schemas.microsoft.com/developer/msbuild/2003">
  <ItemGroup>
    <Filter Include="소스 파일">
      <UniqueIdentifier>{4FC737F1-C7A5-4376-A066-2A32D752A2FF}</UniqueIdentifier>
      <Extensions>cpp;c;cc;cxx;c++;cppm;ixx;def;odl;idl;hpj;bat;asm;asmx</Extensions>
    </Filter>
    <Filter Include="헤더 파일">
      <UniqueIdentifier>{93995380-89BD-4b04-88EB-625FBE52EBFB}</UniqueIdentifier>
      <Extensions>h;hh;hpp;hxx;h++;hm;inl;inc;ipp;xsd</Extensions>
    </Filter>
    <Filter Include="리소스 파일">
      <UniqueIdentifier>{67DA6AB6-F800-4c08-8B7A-83BB121AAD01}</UniqueIdentifier>
      <Extensions>rc;ico;cur;bmp;dlg;rc2;rct;bin;rgs;gif;jpg;jpeg;jpe;resx;tiff;tif;png;wav;mfcribbon-ms</Extensions>
    </Filter>
    <Filter Include="소스 파일\Part2">
      <UniqueIdentifier>{06f79784-9c89-45fb-8cfb-cd69fb08a2e8}</UniqueIdentifier>
    </Filter>
    <Filter Include="소스 파일\Part3">
      <UniqueIdentifier>{5b176bf3-4e69-4fda-9a1e-79ef8d38f976}</UniqueIdentifier>
    </Filter>
    <Filter Include="소스 파일\Part3\Car">
      <UniqueIdentifier>{899ff950-13d4-4b51-bc92-82e37bff4e22}</UniqueIdentifier>
    </Filter>
    <Filter Include="소스 파일\Part3\Calculator">
      <UniqueIdentifier>{54d8c7d1-06ed-4d69-965c-3aafdb884433}</UniqueIdentifier>
    </Filter>
    <Filter Include="소스 파일\Part3\Printer">
      <UniqueIdentifier>{373340d8-bf77-451f-b81b-097aeedc0dcb}</UniqueIdentifier>
    </Filter>
    <Filter Include="소스 파일\Part3\Apple">
      <UniqueIdentifier>{ac0144ac-6c08-49ac-a5f1-3ec9b7bb4875}</UniqueIdentifier>
    </Filter>
    <Filter Include="소스 파일\Part4">
      <UniqueIdentifier>{4aa62672-06b3-4967-9249-ca65c6eb6033}</UniqueIdentifier>
    </Filter>
    <Filter Include="소스 파일\Part4\Rectangle">
      <UniqueIdentifier>{68c1cca6-db47-4c06-a8a6-6e484e23675c}</UniqueIdentifier>
    </Filter>
    <Filter Include="소스 파일\Part4\Point">
      <UniqueIdentifier>{5cb49f4d-6747-4b7c-8fdc-97ff27655f4a}</UniqueIdentifier>
    </Filter>
    <Filter Include="소스 파일\Part4\Encapsulation">
      <UniqueIdentifier>{78723d0f-d24e-4958-94bd-7e258d713b61}</UniqueIdentifier>
    </Filter>
    <Filter Include="소스 파일\Part4\Constructor Destructor">
      <UniqueIdentifier>{34671325-58eb-45d8-acb8-e23846a7e11b}</UniqueIdentifier>
    </Filter>
    <Filter Include="소스 파일\kodeJun_C++">
      <UniqueIdentifier>{0b7ed3b4-99ae-4c9b-bed8-356fc11020c1}</UniqueIdentifier>
    </Filter>
  </ItemGroup>
  <ItemGroup>
    <ClCompile Include="2_1.cpp">
      <Filter>소스 파일\Part2</Filter>
    </ClCompile>
    <ClCompile Include="2_2(Ref).cpp">
      <Filter>소스 파일\Part2</Filter>
    </ClCompile>
    <ClCompile Include="2_3(Problems).cpp">
      <Filter>소스 파일\Part2</Filter>
    </ClCompile>
    <ClCompile Include="2_4(Ref2).cpp">
      <Filter>소스 파일\Part2</Filter>
    </ClCompile>
    <ClCompile Include="2_5(newdel).cpp">
      <Filter>소스 파일\Part2</Filter>
    </ClCompile>
    <ClCompile Include="3_1.cpp">
      <Filter>소스 파일\Part3</Filter>
    </ClCompile>
    <ClCompile Include="3_2.cpp">
      <Filter>소스 파일\Part3</Filter>
    </ClCompile>
    <ClCompile Include="Car.cpp">
      <Filter>소스 파일\Part3\Car</Filter>
    </ClCompile>
    <ClCompile Include="RacingMain.cpp">
      <Filter>소스 파일\Part3\Car</Filter>
    </ClCompile>
    <ClCompile Include="calculator.cpp">
      <Filter>소스 파일\Part3\Calculator</Filter>
    </ClCompile>
    <ClCompile Include="mainCal.cpp">
      <Filter>소스 파일\Part3\Calculator</Filter>
    </ClCompile>
    <ClCompile Include="Printer.cpp">
      <Filter>소스 파일\Part3\Printer</Filter>
    </ClCompile>
    <ClCompile Include="mainPrinter.cpp">
      <Filter>소스 파일\Part3\Printer</Filter>
    </ClCompile>
    <ClCompile Include="FruitSaleSim1.cpp">
      <Filter>소스 파일\Part3\Apple</Filter>
    </ClCompile>
    <ClCompile Include="4_1.cpp">
      <Filter>소스 파일\Part4</Filter>
    </ClCompile>
    <ClCompile Include="Point.cpp">
      <Filter>소스 파일\Part4\Point</Filter>
    </ClCompile>
    <ClCompile Include="Rectangle.cpp">
      <Filter>소스 파일\Part4\Rectangle</Filter>
    </ClCompile>
    <ClCompile Include="RectangleFaultFind.cpp">
      <Filter>소스 파일\Part4\Rectangle</Filter>
    </ClCompile>
    <ClCompile Include="Encaps1.cpp">
      <Filter>소스 파일\Part4\Encapsulation</Filter>
    </ClCompile>
    <ClCompile Include="Encaps2.cpp">
      <Filter>소스 파일\Part4\Encapsulation</Filter>
    </ClCompile>
    <ClCompile Include="4_2.cpp">
      <Filter>소스 파일\Part4</Filter>
    </ClCompile>
    <ClCompile Include="Constructor2.cpp">
      <Filter>소스 파일\Part4\Constructor Destructor</Filter>
    </ClCompile>
    <ClCompile Include="1.cpp">
      <Filter>소스 파일\kodeJun_C++</Filter>
    </ClCompile>
    <ClCompile Include="2.cpp">
      <Filter>소스 파일\kodeJun_C++</Filter>
    </ClCompile>
    <ClCompile Include="3_type_casting_bool.cpp">
      <Filter>소스 파일\kodeJun_C++</Filter>
    </ClCompile>
    <ClCompile Include="4_Array.cpp">
      <Filter>소스 파일\kodeJun_C++</Filter>
    </ClCompile>
    <ClCompile Include="5_string.cpp">
      <Filter>소스 파일\kodeJun_C++</Filter>
    </ClCompile>
    <ClCompile Include="6_new_delete.cpp">
      <Filter>소스 파일\kodeJun_C++</Filter>
    </ClCompile>
    <ClCompile Include="7_array_new_delete.cpp">
      <Filter>소스 파일\kodeJun_C++</Filter>
    </ClCompile>
    <ClCompile Include="_7_for_loop.cpp">
      <Filter>소스 파일\kodeJun_C++</Filter>
    </ClCompile>
    <ClCompile Include="_7_logical_op.cpp">
      <Filter>소스 파일\kodeJun_C++</Filter>
    </ClCompile>
    <ClCompile Include="_8_char_type_library.cpp">
      <Filter>소스 파일\kodeJun_C++</Filter>
    </ClCompile>
    <ClCompile Include="_9_text_file.cpp">
      <Filter>소스 파일\kodeJun_C++</Filter>
    </ClCompile>
    <ClCompile Include="_10_array_as_function_parameter.cpp">
      <Filter>소스 파일\kodeJun_C++</Filter>
    </ClCompile>
    <ClCompile Include="_11_function_pointer.cpp">
      <Filter>소스 파일\kodeJun_C++</Filter>
    </ClCompile>
    <ClCompile Include="_12_function_overloading.cpp">
      <Filter>소스 파일\kodeJun_C++</Filter>
    </ClCompile>
    <ClCompile Include="_13_inline_function.cpp">
      <Filter>소스 파일\kodeJun_C++</Filter>
    </ClCompile>
    <ClCompile Include="_14_reference_variable.cpp">
      <Filter>소스 파일\kodeJun_C++</Filter>
    </ClCompile>
    <ClCompile Include="_15_reference_return.cpp">
      <Filter>소스 파일\kodeJun_C++</Filter>
    </ClCompile>
    <ClCompile Include="_16_default_parameter.cpp">
      <Filter>소스 파일\kodeJun_C++</Filter>
    </ClCompile>
    <ClCompile Include="_17_OOP.cpp">
      <Filter>소스 파일\kodeJun_C++</Filter>
    </ClCompile>
    <ClCompile Include="_18_class_object_constructor.cpp">
      <Filter>소스 파일\kodeJun_C++</Filter>
    </ClCompile>
  </ItemGroup>
  <ItemGroup>
    <ClInclude Include="Car.h">
      <Filter>헤더 파일</Filter>
    </ClInclude>
    <ClInclude Include="Cal.h">
      <Filter>헤더 파일</Filter>
    </ClInclude>
    <ClInclude Include="Printer.h">
      <Filter>헤더 파일</Filter>
    </ClInclude>
    <ClInclude Include="Rectangle.h">
      <Filter>헤더 파일</Filter>
    </ClInclude>
    <ClInclude Include="Point.h">
      <Filter>헤더 파일</Filter>
    </ClInclude>
  </ItemGroup>
</Project>